# @generated by Move, please check-in and do not edit manually.

[move]
version = 0
manifest_digest = "20B9D655202F1082384FC20DA88878EABD87808361FC976F303081BA1E8BF503"
deps_digest = "C4AD12E1CC33AAC10150E72FB5CB4A07934B0A218EF26FD5792BA24B6464D663"

dependencies = [
  { name = "Sui" },
  { name = "ntl_coin" },
]

[[move.package]]
name = "MoveStdlib"
source = { git = "https://github.com/MystenLabs/sui.git", rev = "framework/testnet", subdir = "crates/sui-framework/packages/move-stdlib" }

[[move.package]]
name = "Sui"
source = { git = "https://github.com/MystenLabs/sui.git", rev = "framework/testnet", subdir = "crates/sui-framework/packages/sui-framework" }

dependencies = [
  { name = "MoveStdlib" },
]

[[move.package]]
name = "ntl_coin"
source = { local = "../ntl_coin" }

dependencies = [
  { name = "Sui" },
]
